
Microsoft Visual Studio Solution File, Format Version 12.00
# Visual Studio Version 16
VisualStudioVersion = 16.0.31515.178
MinimumVisualStudioVersion = 10.0.40219.1
Project("{FAE04EC0-301F-11D3-BF4B-00C04F79EFBC}") = "Glactic.Android", "Glactic.Android\Glactic.Android.csproj", "{D3DD26D1-1A24-4F8D-B91D-5456EF0F63FF}"
EndProject
Project("{FAE04EC0-301F-11D3-BF4B-00C04F79EFBC}") = "Glactic.iOS", "Glactic.iOS\Glactic.iOS.csproj", "{3B50FAD8-F292-4F5A-A676-D6E20BE8DDD3}"
EndProject
Project("{FAE04EC0-301F-11D3-BF4B-00C04F79EFBC}") = "Glactic", "Glactic\Glactic.csproj", "{D384FEE4-D776-4912-9F48-5B71BC6AB783}"
EndProject
Global
	GlobalSection(SolutionConfigurationPlatforms) = preSolution
		Debug|Any CPU = Debug|Any CPU
		Debug|iPhone = Debug|iPhone
		Debug|iPhoneSimulator = Debug|iPhoneSimulator
		Release|Any CPU = Release|Any CPU
		Release|iPhone = Release|iPhone
		Release|iPhoneSimulator = Release|iPhoneSimulator
	EndGlobalSection
	GlobalSection(ProjectConfigurationPlatforms) = postSolution
		{D3DD26D1-1A24-4F8D-B91D-5456EF0F63FF}.Debug|Any CPU.ActiveCfg = Debug|Any CPU
		{D3DD26D1-1A24-4F8D-B91D-5456EF0F63FF}.Debug|Any CPU.Build.0 = Debug|Any CPU
		{D3DD26D1-1A24-4F8D-B91D-5456EF0F63FF}.Debug|Any CPU.Deploy.0 = Debug|Any CPU
		{D3DD26D1-1A24-4F8D-B91D-5456EF0F63FF}.Debug|iPhone.ActiveCfg = Debug|Any CPU
		{D3DD26D1-1A24-4F8D-B91D-5456EF0F63FF}.Debug|iPhone.Build.0 = Debug|Any CPU
		{D3DD26D1-1A24-4F8D-B91D-5456EF0F63FF}.Debug|iPhone.Deploy.0 = Debug|Any CPU
		{D3DD26D1-1A24-4F8D-B91D-5456EF0F63FF}.Debug|iPhoneSimulator.ActiveCfg = Debug|Any CPU
		{D3DD26D1-1A24-4F8D-B91D-5456EF0F63FF}.Debug|iPhoneSimulator.Build.0 = Debug|Any CPU
		{D3DD26D1-1A24-4F8D-B91D-5456EF0F63FF}.Debug|iPhoneSimulator.Deploy.0 = Debug|Any CPU
		{D3DD26D1-1A24-4F8D-B91D-5456EF0F63FF}.Release|Any CPU.ActiveCfg = Release|Any CPU
		{D3DD26D1-1A24-4F8D-B91D-5456EF0F63FF}.Release|Any CPU.Build.0 = Release|Any CPU
		{D3DD26D1-1A24-4F8D-B91D-5456EF0F63FF}.Release|Any CPU.Deploy.0 = Release|Any CPU
		{D3DD26D1-1A24-4F8D-B91D-5456EF0F63FF}.Release|iPhone.ActiveCfg = Release|Any CPU
		{D3DD26D1-1A24-4F8D-B91D-5456EF0F63FF}.Release|iPhone.Build.0 = Release|Any CPU
		{D3DD26D1-1A24-4F8D-B91D-5456EF0F63FF}.Release|iPhone.Deploy.0 = Release|Any CPU
		{D3DD26D1-1A24-4F8D-B91D-5456EF0F63FF}.Release|iPhoneSimulator.ActiveCfg = Release|Any CPU
		{D3DD26D1-1A24-4F8D-B91D-5456EF0F63FF}.Release|iPhoneSimulator.Build.0 = Release|Any CPU
		{D3DD26D1-1A24-4F8D-B91D-5456EF0F63FF}.Release|iPhoneSimulator.Deploy.0 = Release|Any CPU
		{3B50FAD8-F292-4F5A-A676-D6E20BE8DDD3}.Debug|Any CPU.ActiveCfg = Debug|iPhone
		{3B50FAD8-F292-4F5A-A676-D6E20BE8DDD3}.Debug|Any CPU.Build.0 = Debug|iPhone
		{3B50FAD8-F292-4F5A-A676-D6E20BE8DDD3}.Debug|Any CPU.Deploy.0 = Debug|iPhone
		{3B50FAD8-F292-4F5A-A676-D6E20BE8DDD3}.Debug|iPhone.ActiveCfg = Debug|iPhone
		{3B50FAD8-F292-4F5A-A676-D6E20BE8DDD3}.Debug|iPhone.Build.0 = Debug|iPhone
		{3B50FAD8-F292-4F5A-A676-D6E20BE8DDD3}.Debug|iPhone.Deploy.0 = Debug|iPhone
		{3B50FAD8-F292-4F5A-A676-D6E20BE8DDD3}.Debug|iPhoneSimulator.ActiveCfg = Debug|iPhoneSimulator
		{3B50FAD8-F292-4F5A-A676-D6E20BE8DDD3}.Debug|iPhoneSimulator.Build.0 = Debug|iPhoneSimulator
		{3B50FAD8-F292-4F5A-A676-D6E20BE8DDD3}.Debug|iPhoneSimulator.Deploy.0 = Debug|iPhoneSimulator
		{3B50FAD8-F292-4F5A-A676-D6E20BE8DDD3}.Release|Any CPU.ActiveCfg = Release|iPhoneSimulator
		{3B50FAD8-F292-4F5A-A676-D6E20BE8DDD3}.Release|Any CPU.Build.0 = Release|iPhoneSimulator
		{3B50FAD8-F292-4F5A-A676-D6E20BE8DDD3}.Release|Any CPU.Deploy.0 = Release|iPhoneSimulator
		{3B50FAD8-F292-4F5A-A676-D6E20BE8DDD3}.Release|iPhone.ActiveCfg = Release|iPhone
		{3B50FAD8-F292-4F5A-A676-D6E20BE8DDD3}.Release|iPhone.Build.0 = Release|iPhone
		{3B50FAD8-F292-4F5A-A676-D6E20BE8DDD3}.Release|iPhone.Deploy.0 = Release|iPhone
		{3B50FAD8-F292-4F5A-A676-D6E20BE8DDD3}.Release|iPhoneSimulator.ActiveCfg = Release|iPhoneSimulator
		{3B50FAD8-F292-4F5A-A676-D6E20BE8DDD3}.Release|iPhoneSimulator.Build.0 = Release|iPhoneSimulator
		{3B50FAD8-F292-4F5A-A676-D6E20BE8DDD3}.Release|iPhoneSimulator.Deploy.0 = Release|iPhoneSimulator
		{D384FEE4-D776-4912-9F48-5B71BC6AB783}.Debug|Any CPU.ActiveCfg = Debug|Any CPU
		{D384FEE4-D776-4912-9F48-5B71BC6AB783}.Debug|Any CPU.Build.0 = Debug|Any CPU
		{D384FEE4-D776-4912-9F48-5B71BC6AB783}.Debug|Any CPU.Deploy.0 = Debug|Any CPU
		{D384FEE4-D776-4912-9F48-5B71BC6AB783}.Debug|iPhone.ActiveCfg = Debug|Any CPU
		{D384FEE4-D776-4912-9F48-5B71BC6AB783}.Debug|iPhone.Build.0 = Debug|Any CPU
		{D384FEE4-D776-4912-9F48-5B71BC6AB783}.Debug|iPhone.Deploy.0 = Debug|Any CPU
		{D384FEE4-D776-4912-9F48-5B71BC6AB783}.Debug|iPhoneSimulator.ActiveCfg = Debug|Any CPU
		{D384FEE4-D776-4912-9F48-5B71BC6AB783}.Debug|iPhoneSimulator.Build.0 = Debug|Any CPU
		{D384FEE4-D776-4912-9F48-5B71BC6AB783}.Debug|iPhoneSimulator.Deploy.0 = Debug|Any CPU
		{D384FEE4-D776-4912-9F48-5B71BC6AB783}.Release|Any CPU.ActiveCfg = Release|Any CPU
		{D384FEE4-D776-4912-9F48-5B71BC6AB783}.Release|Any CPU.Build.0 = Release|Any CPU
		{D384FEE4-D776-4912-9F48-5B71BC6AB783}.Release|Any CPU.Deploy.0 = Release|Any CPU
		{D384FEE4-D776-4912-9F48-5B71BC6AB783}.Release|iPhone.ActiveCfg = Release|Any CPU
		{D384FEE4-D776-4912-9F48-5B71BC6AB783}.Release|iPhone.Build.0 = Release|Any CPU
		{D384FEE4-D776-4912-9F48-5B71BC6AB783}.Release|iPhone.Deploy.0 = Release|Any CPU
		{D384FEE4-D776-4912-9F48-5B71BC6AB783}.Release|iPhoneSimulator.ActiveCfg = Release|Any CPU
		{D384FEE4-D776-4912-9F48-5B71BC6AB783}.Release|iPhoneSimulator.Build.0 = Release|Any CPU
		{D384FEE4-D776-4912-9F48-5B71BC6AB783}.Release|iPhoneSimulator.Deploy.0 = Release|Any CPU
	EndGlobalSection
	GlobalSection(SolutionProperties) = preSolution
		HideSolutionNode = FALSE
	EndGlobalSection
	GlobalSection(ExtensibilityGlobals) = postSolution
		SolutionGuid = {FFE6AB06-D6C2-4C2A-A3C5-0CACA0EFD3BD}
	EndGlobalSection
EndGlobal
